// !$*UTF8*$!
{
	archiveVersion = 1;
	classes = {
	};
	objectVersion = 55;
	objects = {

/* Begin PBXBuildFile section */
		41824A5A2825181C003B351B /* ViewModelTests.swift in Sources */ = {isa = PBXBuildFile; fileRef = 41824A592825181C003B351B /* ViewModelTests.swift */; };
		510F434B281DA1710060A05A /* SimpleScoresApp.swift in Sources */ = {isa = PBXBuildFile; fileRef = 510F434A281DA1710060A05A /* SimpleScoresApp.swift */; };
		510F434D281DA1710060A05A /* ContentView.swift in Sources */ = {isa = PBXBuildFile; fileRef = 510F434C281DA1710060A05A /* ContentView.swift */; };
		510F434F281DA1720060A05A /* Assets.xcassets in Resources */ = {isa = PBXBuildFile; fileRef = 510F434E281DA1720060A05A /* Assets.xcassets */; };
		510F4352281DA1720060A05A /* Preview Assets.xcassets in Resources */ = {isa = PBXBuildFile; fileRef = 510F4351281DA1720060A05A /* Preview Assets.xcassets */; };
		510F4359281DA27F0060A05A /* ColorChoice.swift in Sources */ = {isa = PBXBuildFile; fileRef = 510F4358281DA27F0060A05A /* ColorChoice.swift */; };
		510F435B281DA2C00060A05A /* Score.swift in Sources */ = {isa = PBXBuildFile; fileRef = 510F435A281DA2C00060A05A /* Score.swift */; };
		510F435E281DA3220060A05A /* FileManager-DocumentsDirectory.swift in Sources */ = {isa = PBXBuildFile; fileRef = 510F435C281DA3220060A05A /* FileManager-DocumentsDirectory.swift */; };
		510F435F281DA3220060A05A /* ViewModel.swift in Sources */ = {isa = PBXBuildFile; fileRef = 510F435D281DA3220060A05A /* ViewModel.swift */; };
		510F4361281DA3C60060A05A /* ScoreRow.swift in Sources */ = {isa = PBXBuildFile; fileRef = 510F4360281DA3C60060A05A /* ScoreRow.swift */; };
		840459E12828F31C001A5AE8 /* SimpleScoresUITests.swift in Sources */ = {isa = PBXBuildFile; fileRef = 840459DF2828F31C001A5AE8 /* SimpleScoresUITests.swift */; };
		840459E22828F31C001A5AE8 /* SimpleScoresUITestsLaunchTests.swift in Sources */ = {isa = PBXBuildFile; fileRef = 840459E02828F31C001A5AE8 /* SimpleScoresUITestsLaunchTests.swift */; };
		AD975CE128253CE10042EAE4 /* Score+Preview.swift in Sources */ = {isa = PBXBuildFile; fileRef = AD975CE028253CE10042EAE4 /* Score+Preview.swift */; };
		ADE884F0282572E10092372D /* Localizable.strings in Resources */ = {isa = PBXBuildFile; fileRef = ADE884F2282572E10092372D /* Localizable.strings */; };
		ADE884F9282578FE0092372D /* SimpleScores-InfoPlist.strings in Resources */ = {isa = PBXBuildFile; fileRef = ADE884F7282578FE0092372D /* SimpleScores-InfoPlist.strings */; };
/* End PBXBuildFile section */

/* Begin PBXContainerItemProxy section */
		41824A542825170A003B351B /* PBXContainerItemProxy */ = {
			isa = PBXContainerItemProxy;
			containerPortal = 510F433F281DA1710060A05A /* Project object */;
			proxyType = 1;
			remoteGlobalIDString = 510F4346281DA1710060A05A;
			remoteInfo = SimpleScores;
		};
		840459DA2828F2CA001A5AE8 /* PBXContainerItemProxy */ = {
			isa = PBXContainerItemProxy;
			containerPortal = 510F433F281DA1710060A05A /* Project object */;
			proxyType = 1;
			remoteGlobalIDString = 510F4346281DA1710060A05A;
			remoteInfo = SimpleScores;
		};
/* End PBXContainerItemProxy section */

/* Begin PBXFileReference section */
		41824A502825170A003B351B /* SimpleScoresTests.xctest */ = {isa = PBXFileReference; explicitFileType = wrapper.cfbundle; includeInIndex = 0; path = SimpleScoresTests.xctest; sourceTree = BUILT_PRODUCTS_DIR; };
		41824A592825181C003B351B /* ViewModelTests.swift */ = {isa = PBXFileReference; lastKnownFileType = sourcecode.swift; path = ViewModelTests.swift; sourceTree = "<group>"; };
		4C5F20AF282D02D900326806 /* de */ = {isa = PBXFileReference; lastKnownFileType = text.plist.strings; name = de; path = de.lproj/Localizable.strings; sourceTree = "<group>"; };
		4C5F20B0282D032B00326806 /* de */ = {isa = PBXFileReference; lastKnownFileType = text.plist.strings; name = de; path = "de.lproj/SimpleScores-InfoPlist.strings"; sourceTree = "<group>"; };
		510F4347281DA1710060A05A /* SimpleScores.app */ = {isa = PBXFileReference; explicitFileType = wrapper.application; includeInIndex = 0; path = SimpleScores.app; sourceTree = BUILT_PRODUCTS_DIR; };
		510F434A281DA1710060A05A /* SimpleScoresApp.swift */ = {isa = PBXFileReference; lastKnownFileType = sourcecode.swift; path = SimpleScoresApp.swift; sourceTree = "<group>"; };
		510F434C281DA1710060A05A /* ContentView.swift */ = {isa = PBXFileReference; lastKnownFileType = sourcecode.swift; path = ContentView.swift; sourceTree = "<group>"; };
		510F434E281DA1720060A05A /* Assets.xcassets */ = {isa = PBXFileReference; lastKnownFileType = folder.assetcatalog; path = Assets.xcassets; sourceTree = "<group>"; };
		510F4351281DA1720060A05A /* Preview Assets.xcassets */ = {isa = PBXFileReference; lastKnownFileType = folder.assetcatalog; path = "Preview Assets.xcassets"; sourceTree = "<group>"; };
		510F4358281DA27F0060A05A /* ColorChoice.swift */ = {isa = PBXFileReference; lastKnownFileType = sourcecode.swift; path = ColorChoice.swift; sourceTree = "<group>"; };
		510F435A281DA2C00060A05A /* Score.swift */ = {isa = PBXFileReference; lastKnownFileType = sourcecode.swift; path = Score.swift; sourceTree = "<group>"; };
		510F435C281DA3220060A05A /* FileManager-DocumentsDirectory.swift */ = {isa = PBXFileReference; fileEncoding = 4; lastKnownFileType = sourcecode.swift; path = "FileManager-DocumentsDirectory.swift"; sourceTree = "<group>"; };
		510F435D281DA3220060A05A /* ViewModel.swift */ = {isa = PBXFileReference; fileEncoding = 4; lastKnownFileType = sourcecode.swift; path = ViewModel.swift; sourceTree = "<group>"; };
		510F4360281DA3C60060A05A /* ScoreRow.swift */ = {isa = PBXFileReference; lastKnownFileType = sourcecode.swift; path = ScoreRow.swift; sourceTree = "<group>"; };
		840459C02828F1C9001A5AE8 /* nl */ = {isa = PBXFileReference; lastKnownFileType = text.plist.strings; name = nl; path = nl.lproj/Localizable.strings; sourceTree = "<group>"; };
		840459D42828F2CA001A5AE8 /* SimpleScoresUITests.xctest */ = {isa = PBXFileReference; explicitFileType = wrapper.cfbundle; includeInIndex = 0; path = SimpleScoresUITests.xctest; sourceTree = BUILT_PRODUCTS_DIR; };
		840459DF2828F31C001A5AE8 /* SimpleScoresUITests.swift */ = {isa = PBXFileReference; fileEncoding = 4; lastKnownFileType = sourcecode.swift; path = SimpleScoresUITests.swift; sourceTree = "<group>"; };
		840459E02828F31C001A5AE8 /* SimpleScoresUITestsLaunchTests.swift */ = {isa = PBXFileReference; fileEncoding = 4; lastKnownFileType = sourcecode.swift; path = SimpleScoresUITestsLaunchTests.swift; sourceTree = "<group>"; };
		AD975CE028253CE10042EAE4 /* Score+Preview.swift */ = {isa = PBXFileReference; lastKnownFileType = sourcecode.swift; path = "Score+Preview.swift"; sourceTree = "<group>"; };
		ADE884F1282572E10092372D /* en */ = {isa = PBXFileReference; lastKnownFileType = text.plist.strings; name = en; path = en.lproj/Localizable.strings; sourceTree = "<group>"; };
		ADE884F3282573AE0092372D /* es */ = {isa = PBXFileReference; lastKnownFileType = text.plist.strings; name = es; path = es.lproj/Localizable.strings; sourceTree = "<group>"; };
		ADE884F8282578FE0092372D /* es */ = {isa = PBXFileReference; lastKnownFileType = text.plist.strings; name = es; path = "es.lproj/SimpleScores-InfoPlist.strings"; sourceTree = "<group>"; };
		CB68721F283171A000973DF0 /* fr */ = {isa = PBXFileReference; lastKnownFileType = text.plist.strings; name = fr; path = fr.lproj/Localizable.strings; sourceTree = "<group>"; };
		CB6872202831730A00973DF0 /* fr */ = {isa = PBXFileReference; lastKnownFileType = text.plist.strings; name = fr; path = "fr.lproj/SimpleScores-InfoPlist.strings"; sourceTree = "<group>"; };
/* End PBXFileReference section */

/* Begin PBXFrameworksBuildPhase section */
		41824A4D2825170A003B351B /* Frameworks */ = {
			isa = PBXFrameworksBuildPhase;
			buildActionMask = 2147483647;
			files = (
			);
			runOnlyForDeploymentPostprocessing = 0;
		};
		510F4344281DA1710060A05A /* Frameworks */ = {
			isa = PBXFrameworksBuildPhase;
			buildActionMask = 2147483647;
			files = (
			);
			runOnlyForDeploymentPostprocessing = 0;
		};
		840459D12828F2CA001A5AE8 /* Frameworks */ = {
			isa = PBXFrameworksBuildPhase;
			buildActionMask = 2147483647;
			files = (
			);
			runOnlyForDeploymentPostprocessing = 0;
		};
/* End PBXFrameworksBuildPhase section */

/* Begin PBXGroup section */
		41824A512825170A003B351B /* SimpleScoresTests */ = {
			isa = PBXGroup;
			children = (
				41824A592825181C003B351B /* ViewModelTests.swift */,
			);
			path = SimpleScoresTests;
			sourceTree = "<group>";
		};
		510F433E281DA1710060A05A = {
			isa = PBXGroup;
			children = (
				510F4349281DA1710060A05A /* SimpleScores */,
				41824A512825170A003B351B /* SimpleScoresTests */,
				840459D52828F2CA001A5AE8 /* SimpleScoresUITests */,
				510F4348281DA1710060A05A /* Products */,
			);
			sourceTree = "<group>";
		};
		510F4348281DA1710060A05A /* Products */ = {
			isa = PBXGroup;
			children = (
				510F4347281DA1710060A05A /* SimpleScores.app */,
				41824A502825170A003B351B /* SimpleScoresTests.xctest */,
				840459D42828F2CA001A5AE8 /* SimpleScoresUITests.xctest */,
			);
			name = Products;
			sourceTree = "<group>";
		};
		510F4349281DA1710060A05A /* SimpleScores */ = {
			isa = PBXGroup;
			children = (
				510F434A281DA1710060A05A /* SimpleScoresApp.swift */,
				510F434C281DA1710060A05A /* ContentView.swift */,
				510F4360281DA3C60060A05A /* ScoreRow.swift */,
				510F435D281DA3220060A05A /* ViewModel.swift */,
				510F435A281DA2C00060A05A /* Score.swift */,
				510F4358281DA27F0060A05A /* ColorChoice.swift */,
				510F435C281DA3220060A05A /* FileManager-DocumentsDirectory.swift */,
				AD975CE7282565770042EAE4 /* Resources */,
				510F4350281DA1720060A05A /* Preview Content */,
			);
			path = SimpleScores;
			sourceTree = "<group>";
		};
		510F4350281DA1720060A05A /* Preview Content */ = {
			isa = PBXGroup;
			children = (
				510F4351281DA1720060A05A /* Preview Assets.xcassets */,
				AD975CE028253CE10042EAE4 /* Score+Preview.swift */,
			);
			path = "Preview Content";
			sourceTree = "<group>";
		};
		840459D52828F2CA001A5AE8 /* SimpleScoresUITests */ = {
			isa = PBXGroup;
			children = (
				840459DF2828F31C001A5AE8 /* SimpleScoresUITests.swift */,
				840459E02828F31C001A5AE8 /* SimpleScoresUITestsLaunchTests.swift */,
			);
			path = SimpleScoresUITests;
			sourceTree = "<group>";
		};
		AD975CE7282565770042EAE4 /* Resources */ = {
			isa = PBXGroup;
			children = (
				510F434E281DA1720060A05A /* Assets.xcassets */,
				ADE884F2282572E10092372D /* Localizable.strings */,
				ADE884F7282578FE0092372D /* SimpleScores-InfoPlist.strings */,
			);
			path = Resources;
			sourceTree = "<group>";
		};
/* End PBXGroup section */

/* Begin PBXNativeTarget section */
		41824A4F2825170A003B351B /* SimpleScoresTests */ = {
			isa = PBXNativeTarget;
			buildConfigurationList = 41824A582825170A003B351B /* Build configuration list for PBXNativeTarget "SimpleScoresTests" */;
			buildPhases = (
				41824A4C2825170A003B351B /* Sources */,
				41824A4D2825170A003B351B /* Frameworks */,
				41824A4E2825170A003B351B /* Resources */,
			);
			buildRules = (
			);
			dependencies = (
				41824A552825170A003B351B /* PBXTargetDependency */,
			);
			name = SimpleScoresTests;
			productName = SimpleScoresTests;
			productReference = 41824A502825170A003B351B /* SimpleScoresTests.xctest */;
			productType = "com.apple.product-type.bundle.unit-test";
		};
		510F4346281DA1710060A05A /* SimpleScores */ = {
			isa = PBXNativeTarget;
			buildConfigurationList = 510F4355281DA1720060A05A /* Build configuration list for PBXNativeTarget "SimpleScores" */;
			buildPhases = (
				510F4343281DA1710060A05A /* Sources */,
				510F4344281DA1710060A05A /* Frameworks */,
				510F4345281DA1710060A05A /* Resources */,
				51F95652281DF0CB00EA5FBF /* SwiftLint */,
			);
			buildRules = (
			);
			dependencies = (
			);
			name = SimpleScores;
			productName = SimpleScores;
			productReference = 510F4347281DA1710060A05A /* SimpleScores.app */;
			productType = "com.apple.product-type.application";
		};
		840459D32828F2CA001A5AE8 /* SimpleScoresUITests */ = {
			isa = PBXNativeTarget;
			buildConfigurationList = 840459DC2828F2CA001A5AE8 /* Build configuration list for PBXNativeTarget "SimpleScoresUITests" */;
			buildPhases = (
				840459D02828F2CA001A5AE8 /* Sources */,
				840459D12828F2CA001A5AE8 /* Frameworks */,
				840459D22828F2CA001A5AE8 /* Resources */,
			);
			buildRules = (
			);
			dependencies = (
				840459DB2828F2CA001A5AE8 /* PBXTargetDependency */,
			);
			name = SimpleScoresUITests;
			productName = SimpleScoresUITests;
			productReference = 840459D42828F2CA001A5AE8 /* SimpleScoresUITests.xctest */;
			productType = "com.apple.product-type.bundle.ui-testing";
		};
/* End PBXNativeTarget section */

/* Begin PBXProject section */
		510F433F281DA1710060A05A /* Project object */ = {
			isa = PBXProject;
			attributes = {
				BuildIndependentTargetsInParallel = 1;
				LastSwiftUpdateCheck = 1330;
				LastUpgradeCheck = 1330;
				TargetAttributes = {
					41824A4F2825170A003B351B = {
						CreatedOnToolsVersion = 13.2.1;
						TestTargetID = 510F4346281DA1710060A05A;
					};
					510F4346281DA1710060A05A = {
						CreatedOnToolsVersion = 13.3.1;
					};
					840459D32828F2CA001A5AE8 = {
						CreatedOnToolsVersion = 13.3.1;
						TestTargetID = 510F4346281DA1710060A05A;
					};
				};
			};
			buildConfigurationList = 510F4342281DA1710060A05A /* Build configuration list for PBXProject "SimpleScores" */;
			compatibilityVersion = "Xcode 13.0";
			developmentRegion = en;
			hasScannedForEncodings = 0;
			knownRegions = (
				en,
				es,
				nl,
				Base,
				de,
				fr,
			);
			mainGroup = 510F433E281DA1710060A05A;
			productRefGroup = 510F4348281DA1710060A05A /* Products */;
			projectDirPath = "";
			projectRoot = "";
			targets = (
				510F4346281DA1710060A05A /* SimpleScores */,
				41824A4F2825170A003B351B /* SimpleScoresTests */,
				840459D32828F2CA001A5AE8 /* SimpleScoresUITests */,
			);
		};
/* End PBXProject section */

/* Begin PBXResourcesBuildPhase section */
		41824A4E2825170A003B351B /* Resources */ = {
			isa = PBXResourcesBuildPhase;
			buildActionMask = 2147483647;
			files = (
			);
			runOnlyForDeploymentPostprocessing = 0;
		};
		510F4345281DA1710060A05A /* Resources */ = {
			isa = PBXResourcesBuildPhase;
			buildActionMask = 2147483647;
			files = (
				ADE884F9282578FE0092372D /* SimpleScores-InfoPlist.strings in Resources */,
				510F4352281DA1720060A05A /* Preview Assets.xcassets in Resources */,
				ADE884F0282572E10092372D /* Localizable.strings in Resources */,
				510F434F281DA1720060A05A /* Assets.xcassets in Resources */,
			);
			runOnlyForDeploymentPostprocessing = 0;
		};
		840459D22828F2CA001A5AE8 /* Resources */ = {
			isa = PBXResourcesBuildPhase;
			buildActionMask = 2147483647;
			files = (
			);
			runOnlyForDeploymentPostprocessing = 0;
		};
/* End PBXResourcesBuildPhase section */

/* Begin PBXShellScriptBuildPhase section */
		51F95652281DF0CB00EA5FBF /* SwiftLint */ = {
			isa = PBXShellScriptBuildPhase;
			buildActionMask = 2147483647;
			files = (
			);
			inputFileListPaths = (
			);
			inputPaths = (
			);
			name = SwiftLint;
			outputFileListPaths = (
			);
			outputPaths = (
			);
			runOnlyForDeploymentPostprocessing = 0;
			shellPath = /bin/sh;
			shellScript = "if test -d \"/opt/homebrew/bin/\"; then\n  PATH=\"/opt/homebrew/bin/:${PATH}\"\nfi\n\nexport PATH\n\nif which swiftlint >/dev/null; then\n  swiftlint --fix\nelse\n  echo \"warning: SwiftLint not installed, download from https://github.com/realm/SwiftLint\"\nfi\n";
		};
/* End PBXShellScriptBuildPhase section */

/* Begin PBXSourcesBuildPhase section */
		41824A4C2825170A003B351B /* Sources */ = {
			isa = PBXSourcesBuildPhase;
			buildActionMask = 2147483647;
			files = (
				41824A5A2825181C003B351B /* ViewModelTests.swift in Sources */,
			);
			runOnlyForDeploymentPostprocessing = 0;
		};
		510F4343281DA1710060A05A /* Sources */ = {
			isa = PBXSourcesBuildPhase;
			buildActionMask = 2147483647;
			files = (
				510F434D281DA1710060A05A /* ContentView.swift in Sources */,
				510F435E281DA3220060A05A /* FileManager-DocumentsDirectory.swift in Sources */,
				510F4359281DA27F0060A05A /* ColorChoice.swift in Sources */,
				510F4361281DA3C60060A05A /* ScoreRow.swift in Sources */,
				510F435B281DA2C00060A05A /* Score.swift in Sources */,
				510F435F281DA3220060A05A /* ViewModel.swift in Sources */,
				510F434B281DA1710060A05A /* SimpleScoresApp.swift in Sources */,
				AD975CE128253CE10042EAE4 /* Score+Preview.swift in Sources */,
			);
			runOnlyForDeploymentPostprocessing = 0;
		};
		840459D02828F2CA001A5AE8 /* Sources */ = {
			isa = PBXSourcesBuildPhase;
			buildActionMask = 2147483647;
			files = (
				840459E12828F31C001A5AE8 /* SimpleScoresUITests.swift in Sources */,
				840459E22828F31C001A5AE8 /* SimpleScoresUITestsLaunchTests.swift in Sources */,
			);
			runOnlyForDeploymentPostprocessing = 0;
		};
/* End PBXSourcesBuildPhase section */

/* Begin PBXTargetDependency section */
		41824A552825170A003B351B /* PBXTargetDependency */ = {
			isa = PBXTargetDependency;
			target = 510F4346281DA1710060A05A /* SimpleScores */;
			targetProxy = 41824A542825170A003B351B /* PBXContainerItemProxy */;
		};
		840459DB2828F2CA001A5AE8 /* PBXTargetDependency */ = {
			isa = PBXTargetDependency;
			target = 510F4346281DA1710060A05A /* SimpleScores */;
			targetProxy = 840459DA2828F2CA001A5AE8 /* PBXContainerItemProxy */;
		};
/* End PBXTargetDependency section */

/* Begin PBXVariantGroup section */
		ADE884F2282572E10092372D /* Localizable.strings */ = {
			isa = PBXVariantGroup;
			children = (
				ADE884F1282572E10092372D /* en */,
				ADE884F3282573AE0092372D /* es */,
				840459C02828F1C9001A5AE8 /* nl */,
				4C5F20AF282D02D900326806 /* de */,
				CB68721F283171A000973DF0 /* fr */,
			);
			name = Localizable.strings;
			sourceTree = "<group>";
		};
		ADE884F7282578FE0092372D /* SimpleScores-InfoPlist.strings */ = {
			isa = PBXVariantGroup;
			children = (
				ADE884F8282578FE0092372D /* es */,
				4C5F20B0282D032B00326806 /* de */,
				CB6872202831730A00973DF0 /* fr */,
			);
			name = "SimpleScores-InfoPlist.strings";
			sourceTree = "<group>";
		};
/* End PBXVariantGroup section */

/* Begin XCBuildConfiguration section */
		41824A562825170A003B351B /* Debug */ = {
			isa = XCBuildConfiguration;
			buildSettings = {
				BUNDLE_LOADER = "$(TEST_HOST)";
				CLANG_CXX_LIBRARY = "libc++";
				CODE_SIGN_STYLE = Automatic;
				CURRENT_PROJECT_VERSION = 1;
				GENERATE_INFOPLIST_FILE = YES;
				IPHONEOS_DEPLOYMENT_TARGET = 15.2;
				MARKETING_VERSION = 1.0;
				PRODUCT_BUNDLE_IDENTIFIER = com.hackingwithswift.SimpleScoresTests;
				PRODUCT_NAME = "$(TARGET_NAME)";
				SWIFT_EMIT_LOC_STRINGS = NO;
				SWIFT_VERSION = 5.0;
				TARGETED_DEVICE_FAMILY = "1,2";
				TEST_HOST = "$(BUILT_PRODUCTS_DIR)/SimpleScores.app/SimpleScores";
			};
			name = Debug;
		};
		41824A572825170A003B351B /* Release */ = {
			isa = XCBuildConfiguration;
			buildSettings = {
				BUNDLE_LOADER = "$(TEST_HOST)";
				CLANG_CXX_LIBRARY = "libc++";
				CODE_SIGN_STYLE = Automatic;
				CURRENT_PROJECT_VERSION = 1;
				GENERATE_INFOPLIST_FILE = YES;
				IPHONEOS_DEPLOYMENT_TARGET = 15.2;
				MARKETING_VERSION = 1.0;
				PRODUCT_BUNDLE_IDENTIFIER = com.hackingwithswift.SimpleScoresTests;
				PRODUCT_NAME = "$(TARGET_NAME)";
				SWIFT_EMIT_LOC_STRINGS = NO;
				SWIFT_VERSION = 5.0;
				TARGETED_DEVICE_FAMILY = "1,2";
				TEST_HOST = "$(BUILT_PRODUCTS_DIR)/SimpleScores.app/SimpleScores";
			};
			name = Release;
		};
		510F4353281DA1720060A05A /* Debug */ = {
			isa = XCBuildConfiguration;
			buildSettings = {
				ALWAYS_SEARCH_USER_PATHS = NO;
				CLANG_ANALYZER_LOCALIZABILITY_NONLOCALIZED = YES;
				CLANG_ANALYZER_NONNULL = YES;
				CLANG_ANALYZER_NUMBER_OBJECT_CONVERSION = YES_AGGRESSIVE;
				CLANG_CXX_LANGUAGE_STANDARD = "gnu++17";
				CLANG_ENABLE_MODULES = YES;
				CLANG_ENABLE_OBJC_ARC = YES;
				CLANG_ENABLE_OBJC_WEAK = YES;
				CLANG_WARN_BLOCK_CAPTURE_AUTORELEASING = YES;
				CLANG_WARN_BOOL_CONVERSION = YES;
				CLANG_WARN_COMMA = YES;
				CLANG_WARN_CONSTANT_CONVERSION = YES;
				CLANG_WARN_DEPRECATED_OBJC_IMPLEMENTATIONS = YES;
				CLANG_WARN_DIRECT_OBJC_ISA_USAGE = YES_ERROR;
				CLANG_WARN_DOCUMENTATION_COMMENTS = YES;
				CLANG_WARN_EMPTY_BODY = YES;
				CLANG_WARN_ENUM_CONVERSION = YES;
				CLANG_WARN_INFINITE_RECURSION = YES;
				CLANG_WARN_INT_CONVERSION = YES;
				CLANG_WARN_NON_LITERAL_NULL_CONVERSION = YES;
				CLANG_WARN_OBJC_IMPLICIT_RETAIN_SELF = YES;
				CLANG_WARN_OBJC_LITERAL_CONVERSION = YES;
				CLANG_WARN_OBJC_ROOT_CLASS = YES_ERROR;
				CLANG_WARN_QUOTED_INCLUDE_IN_FRAMEWORK_HEADER = YES;
				CLANG_WARN_RANGE_LOOP_ANALYSIS = YES;
				CLANG_WARN_STRICT_PROTOTYPES = YES;
				CLANG_WARN_SUSPICIOUS_MOVE = YES;
				CLANG_WARN_UNGUARDED_AVAILABILITY = YES_AGGRESSIVE;
				CLANG_WARN_UNREACHABLE_CODE = YES;
				CLANG_WARN__DUPLICATE_METHOD_MATCH = YES;
				COPY_PHASE_STRIP = NO;
				DEBUG_INFORMATION_FORMAT = dwarf;
				ENABLE_STRICT_OBJC_MSGSEND = YES;
				ENABLE_TESTABILITY = YES;
				GCC_C_LANGUAGE_STANDARD = gnu11;
				GCC_DYNAMIC_NO_PIC = NO;
				GCC_NO_COMMON_BLOCKS = YES;
				GCC_OPTIMIZATION_LEVEL = 0;
				GCC_PREPROCESSOR_DEFINITIONS = (
					"DEBUG=1",
					"$(inherited)",
				);
				GCC_WARN_64_TO_32_BIT_CONVERSION = YES;
				GCC_WARN_ABOUT_RETURN_TYPE = YES_ERROR;
				GCC_WARN_UNDECLARED_SELECTOR = YES;
				GCC_WARN_UNINITIALIZED_AUTOS = YES_AGGRESSIVE;
				GCC_WARN_UNUSED_FUNCTION = YES;
				GCC_WARN_UNUSED_VARIABLE = YES;
				IPHONEOS_DEPLOYMENT_TARGET = 15.0;
				MTL_ENABLE_DEBUG_INFO = INCLUDE_SOURCE;
				MTL_FAST_MATH = YES;
				ONLY_ACTIVE_ARCH = YES;
				SDKROOT = iphoneos;
				SWIFT_ACTIVE_COMPILATION_CONDITIONS = DEBUG;
				SWIFT_OPTIMIZATION_LEVEL = "-Onone";
			};
			name = Debug;
		};
		510F4354281DA1720060A05A /* Release */ = {
			isa = XCBuildConfiguration;
			buildSettings = {
				ALWAYS_SEARCH_USER_PATHS = NO;
				CLANG_ANALYZER_LOCALIZABILITY_NONLOCALIZED = YES;
				CLANG_ANALYZER_NONNULL = YES;
				CLANG_ANALYZER_NUMBER_OBJECT_CONVERSION = YES_AGGRESSIVE;
				CLANG_CXX_LANGUAGE_STANDARD = "gnu++17";
				CLANG_ENABLE_MODULES = YES;
				CLANG_ENABLE_OBJC_ARC = YES;
				CLANG_ENABLE_OBJC_WEAK = YES;
				CLANG_WARN_BLOCK_CAPTURE_AUTORELEASING = YES;
				CLANG_WARN_BOOL_CONVERSION = YES;
				CLANG_WARN_COMMA = YES;
				CLANG_WARN_CONSTANT_CONVERSION = YES;
				CLANG_WARN_DEPRECATED_OBJC_IMPLEMENTATIONS = YES;
				CLANG_WARN_DIRECT_OBJC_ISA_USAGE = YES_ERROR;
				CLANG_WARN_DOCUMENTATION_COMMENTS = YES;
				CLANG_WARN_EMPTY_BODY = YES;
				CLANG_WARN_ENUM_CONVERSION = YES;
				CLANG_WARN_INFINITE_RECURSION = YES;
				CLANG_WARN_INT_CONVERSION = YES;
				CLANG_WARN_NON_LITERAL_NULL_CONVERSION = YES;
				CLANG_WARN_OBJC_IMPLICIT_RETAIN_SELF = YES;
				CLANG_WARN_OBJC_LITERAL_CONVERSION = YES;
				CLANG_WARN_OBJC_ROOT_CLASS = YES_ERROR;
				CLANG_WARN_QUOTED_INCLUDE_IN_FRAMEWORK_HEADER = YES;
				CLANG_WARN_RANGE_LOOP_ANALYSIS = YES;
				CLANG_WARN_STRICT_PROTOTYPES = YES;
				CLANG_WARN_SUSPICIOUS_MOVE = YES;
				CLANG_WARN_UNGUARDED_AVAILABILITY = YES_AGGRESSIVE;
				CLANG_WARN_UNREACHABLE_CODE = YES;
				CLANG_WARN__DUPLICATE_METHOD_MATCH = YES;
				COPY_PHASE_STRIP = NO;
				DEBUG_INFORMATION_FORMAT = "dwarf-with-dsym";
				ENABLE_NS_ASSERTIONS = NO;
				ENABLE_STRICT_OBJC_MSGSEND = YES;
				GCC_C_LANGUAGE_STANDARD = gnu11;
				GCC_NO_COMMON_BLOCKS = YES;
				GCC_WARN_64_TO_32_BIT_CONVERSION = YES;
				GCC_WARN_ABOUT_RETURN_TYPE = YES_ERROR;
				GCC_WARN_UNDECLARED_SELECTOR = YES;
				GCC_WARN_UNINITIALIZED_AUTOS = YES_AGGRESSIVE;
				GCC_WARN_UNUSED_FUNCTION = YES;
				GCC_WARN_UNUSED_VARIABLE = YES;
				IPHONEOS_DEPLOYMENT_TARGET = 15.0;
				MTL_ENABLE_DEBUG_INFO = NO;
				MTL_FAST_MATH = YES;
				SDKROOT = iphoneos;
				SWIFT_COMPILATION_MODE = wholemodule;
				SWIFT_OPTIMIZATION_LEVEL = "-O";
				VALIDATE_PRODUCT = YES;
			};
			name = Release;
		};
		510F4356281DA1720060A05A /* Debug */ = {
			isa = XCBuildConfiguration;
			buildSettings = {
				ASSETCATALOG_COMPILER_APPICON_NAME = AppIcon;
				ASSETCATALOG_COMPILER_GLOBAL_ACCENT_COLOR_NAME = AccentColor;
				CODE_SIGN_STYLE = Automatic;
				CURRENT_PROJECT_VERSION = 1;
				DEVELOPMENT_ASSET_PATHS = "\"SimpleScores/Preview Content\"";
				DEVELOPMENT_TEAM = B5C26XE59E;
				ENABLE_PREVIEWS = YES;
				GENERATE_INFOPLIST_FILE = YES;
				INFOPLIST_KEY_UIApplicationSceneManifest_Generation = YES;
				INFOPLIST_KEY_UIApplicationSupportsIndirectInputEvents = YES;
				INFOPLIST_KEY_UILaunchScreen_Generation = YES;
				INFOPLIST_KEY_UISupportedInterfaceOrientations_iPad = "UIInterfaceOrientationPortrait UIInterfaceOrientationPortraitUpsideDown UIInterfaceOrientationLandscapeLeft UIInterfaceOrientationLandscapeRight";
				INFOPLIST_KEY_UISupportedInterfaceOrientations_iPhone = "UIInterfaceOrientationPortrait UIInterfaceOrientationLandscapeLeft UIInterfaceOrientationLandscapeRight";
				LD_RUNPATH_SEARCH_PATHS = (
					"$(inherited)",
					"@executable_path/Frameworks",
				);
				MARKETING_VERSION = 1.0;
				PRODUCT_BUNDLE_IDENTIFIER = com.hackingwithswift.SimpleScores;
				PRODUCT_NAME = "$(TARGET_NAME)";
				SWIFT_EMIT_LOC_STRINGS = YES;
				SWIFT_VERSION = 5.0;
				TARGETED_DEVICE_FAMILY = "1,2";
			};
			name = Debug;
		};
		510F4357281DA1720060A05A /* Release */ = {
			isa = XCBuildConfiguration;
			buildSettings = {
				ASSETCATALOG_COMPILER_APPICON_NAME = AppIcon;
				ASSETCATALOG_COMPILER_GLOBAL_ACCENT_COLOR_NAME = AccentColor;
				CODE_SIGN_STYLE = Automatic;
				CURRENT_PROJECT_VERSION = 1;
				DEVELOPMENT_ASSET_PATHS = "\"SimpleScores/Preview Content\"";
				DEVELOPMENT_TEAM = B5C26XE59E;
				ENABLE_PREVIEWS = YES;
				GENERATE_INFOPLIST_FILE = YES;
				INFOPLIST_KEY_UIApplicationSceneManifest_Generation = YES;
				INFOPLIST_KEY_UIApplicationSupportsIndirectInputEvents = YES;
				INFOPLIST_KEY_UILaunchScreen_Generation = YES;
				INFOPLIST_KEY_UISupportedInterfaceOrientations_iPad = "UIInterfaceOrientationPortrait UIInterfaceOrientationPortraitUpsideDown UIInterfaceOrientationLandscapeLeft UIInterfaceOrientationLandscapeRight";
				INFOPLIST_KEY_UISupportedInterfaceOrientations_iPhone = "UIInterfaceOrientationPortrait UIInterfaceOrientationLandscapeLeft UIInterfaceOrientationLandscapeRight";
				LD_RUNPATH_SEARCH_PATHS = (
					"$(inherited)",
					"@executable_path/Frameworks",
				);
				MARKETING_VERSION = 1.0;
				PRODUCT_BUNDLE_IDENTIFIER = com.hackingwithswift.SimpleScores;
				PRODUCT_NAME = "$(TARGET_NAME)";
				SWIFT_EMIT_LOC_STRINGS = YES;
				SWIFT_VERSION = 5.0;
				TARGETED_DEVICE_FAMILY = "1,2";
			};
			name = Release;
		};
		840459DD2828F2CA001A5AE8 /* Debug */ = {
			isa = XCBuildConfiguration;
			buildSettings = {
				CODE_SIGN_STYLE = Automatic;
				CURRENT_PROJECT_VERSION = 1;
				GENERATE_INFOPLIST_FILE = YES;
				IPHONEOS_DEPLOYMENT_TARGET = 15.4;
				MARKETING_VERSION = 1.0;
				PRODUCT_BUNDLE_IDENTIFIER = com.hackingwithswift.SimpleScoresUITests;
				PRODUCT_NAME = "$(TARGET_NAME)";
				SWIFT_EMIT_LOC_STRINGS = NO;
				SWIFT_VERSION = 5.0;
				TARGETED_DEVICE_FAMILY = "1,2";
				TEST_TARGET_NAME = SimpleScores;
			};
			name = Debug;
		};
		840459DE2828F2CA001A5AE8 /* Release */ = {
			isa = XCBuildConfiguration;
			buildSettings = {
				CODE_SIGN_STYLE = Automatic;
				CURRENT_PROJECT_VERSION = 1;
				GENERATE_INFOPLIST_FILE = YES;
				IPHONEOS_DEPLOYMENT_TARGET = 15.4;
				MARKETING_VERSION = 1.0;
				PRODUCT_BUNDLE_IDENTIFIER = com.hackingwithswift.SimpleScoresUITests;
				PRODUCT_NAME = "$(TARGET_NAME)";
				SWIFT_EMIT_LOC_STRINGS = NO;
				SWIFT_VERSION = 5.0;
				TARGETED_DEVICE_FAMILY = "1,2";
				TEST_TARGET_NAME = SimpleScores;
			};
			name = Release;
		};
/* End XCBuildConfiguration section */

/* Begin XCConfigurationList section */
		41824A582825170A003B351B /* Build configuration list for PBXNativeTarget "SimpleScoresTests" */ = {
			isa = XCConfigurationList;
			buildConfigurations = (
				41824A562825170A003B351B /* Debug */,
				41824A572825170A003B351B /* Release */,
			);
			defaultConfigurationIsVisible = 0;
			defaultConfigurationName = Release;
		};
		510F4342281DA1710060A05A /* Build configuration list for PBXProject "SimpleScores" */ = {
			isa = XCConfigurationList;
			buildConfigurations = (
				510F4353281DA1720060A05A /* Debug */,
				510F4354281DA1720060A05A /* Release */,
			);
			defaultConfigurationIsVisible = 0;
			defaultConfigurationName = Release;
		};
		510F4355281DA1720060A05A /* Build configuration list for PBXNativeTarget "SimpleScores" */ = {
			isa = XCConfigurationList;
			buildConfigurations = (
				510F4356281DA1720060A05A /* Debug */,
				510F4357281DA1720060A05A /* Release */,
			);
			defaultConfigurationIsVisible = 0;
			defaultConfigurationName = Release;
		};
		840459DC2828F2CA001A5AE8 /* Build configuration list for PBXNativeTarget "SimpleScoresUITests" */ = {
			isa = XCConfigurationList;
			buildConfigurations = (
				840459DD2828F2CA001A5AE8 /* Debug */,
				840459DE2828F2CA001A5AE8 /* Release */,
			);
			defaultConfigurationIsVisible = 0;
			defaultConfigurationName = Release;
		};
/* End XCConfigurationList section */
	};
	rootObject = 510F433F281DA1710060A05A /* Project object */;
}
